
Microsoft Visual Studio Solution File, Format Version 12.00
# Visual Studio 2012
Project("{FAE04EC0-301F-11D3-BF4B-00C04F79EFBC}") = "test-palindrome", "test-palindrome.csproj", "{3C316D84-647C-4C98-A40B-59D6458C6389}"
EndProject
Global
	GlobalSection(SolutionConfigurationPlatforms) = preSolution
		Debug|Any CPU = Debug|Any CPU
		Release|Any CPU = Release|Any CPU
	EndGlobalSection
	GlobalSection(ProjectConfigurationPlatforms) = postSolution
		{3C316D84-647C-4C98-A40B-59D6458C6389}.Debug|Any CPU.ActiveCfg = Debug|Any CPU
		{3C316D84-647C-4C98-A40B-59D6458C6389}.Debug|Any CPU.Build.0 = Debug|Any CPU
		{3C316D84-647C-4C98-A40B-59D6458C6389}.Release|Any CPU.ActiveCfg = Release|Any CPU
		{3C316D84-647C-4C98-A40B-59D6458C6389}.Release|Any CPU.Build.0 = Release|Any CPU
	EndGlobalSection
	GlobalSection(SolutionProperties) = preSolution
		HideSolutionNode = FALSE
	EndGlobalSection
EndGlobal
